
Microsoft Visual Studio Solution File, Format Version 12.00
# Visual Studio Version 16
VisualStudioVersion = 16.0.32929.386
MinimumVisualStudioVersion = 10.0.40219.1
Project("{9A19103F-16F7-4668-BE54-9A1E7A4F7556}") = "qzip", "qzip.csproj", "{5AAE4D5E-1B26-4FDA-A4EC-FDFC4495DF79}"
EndProject
Global
	GlobalSection(SolutionConfigurationPlatforms) = preSolution
		Debug|Any CPU = Debug|Any CPU
		Release|Any CPU = Release|Any CPU
	EndGlobalSection
	GlobalSection(ProjectConfigurationPlatforms) = postSolution
		{5AAE4D5E-1B26-4FDA-A4EC-FDFC4495DF79}.Debug|Any CPU.ActiveCfg = Release|Any CPU
		{5AAE4D5E-1B26-4FDA-A4EC-FDFC4495DF79}.Debug|Any CPU.Build.0 = Release|Any CPU
		{5AAE4D5E-1B26-4FDA-A4EC-FDFC4495DF79}.Release|Any CPU.ActiveCfg = Release|Any CPU
		{5AAE4D5E-1B26-4FDA-A4EC-FDFC4495DF79}.Release|Any CPU.Build.0 = Release|Any CPU
	EndGlobalSection
	GlobalSection(SolutionProperties) = preSolution
		HideSolutionNode = FALSE
	EndGlobalSection
	GlobalSection(ExtensibilityGlobals) = postSolution
		SolutionGuid = {FE517D99-72AB-4E50-AA37-53456C12942B}
	EndGlobalSection
EndGlobal
